// !$*UTF8*$!
{
	archiveVersion = 1;
	classes = {
	};
	objectVersion = 50;
	objects = {

/* Begin PBXBuildFile section */
		771F0908249192D9004A5C7D /* SignUpViewController.swift in Sources */ = {isa = PBXBuildFile; fileRef = 771F0907249192D9004A5C7D /* SignUpViewController.swift */; };
		771F090A2491A9A8004A5C7D /* ScheduleViewController.swift in Sources */ = {isa = PBXBuildFile; fileRef = 771F09092491A9A8004A5C7D /* ScheduleViewController.swift */; };
		771F090C2492D79E004A5C7D /* Login.storyboard in Resources */ = {isa = PBXBuildFile; fileRef = 771F090B2492D79E004A5C7D /* Login.storyboard */; };
		771F090E249511FD004A5C7D /* DayTableViewCell.swift in Sources */ = {isa = PBXBuildFile; fileRef = 771F090D249511FD004A5C7D /* DayTableViewCell.swift */; };
		771F09102496C286004A5C7D /* ScheduleTableViewCell.swift in Sources */ = {isa = PBXBuildFile; fileRef = 771F090F2496C286004A5C7D /* ScheduleTableViewCell.swift */; };
		779B395B2497D09C00DE479F /* DayCell.xib in Resources */ = {isa = PBXBuildFile; fileRef = 779B395A2497D09C00DE479F /* DayCell.xib */; };
		779B395F2497D4CF00DE479F /* DayViewController.swift in Sources */ = {isa = PBXBuildFile; fileRef = 779B395E2497D4CF00DE479F /* DayViewController.swift */; };
		77BF04312491194D00B1E477 /* AppDelegate.swift in Sources */ = {isa = PBXBuildFile; fileRef = 77BF04302491194D00B1E477 /* AppDelegate.swift */; };
		77BF04332491194D00B1E477 /* SceneDelegate.swift in Sources */ = {isa = PBXBuildFile; fileRef = 77BF04322491194D00B1E477 /* SceneDelegate.swift */; };
		77BF04352491194D00B1E477 /* LoginViewController.swift in Sources */ = {isa = PBXBuildFile; fileRef = 77BF04342491194D00B1E477 /* LoginViewController.swift */; };
		77BF04382491194D00B1E477 /* Main.storyboard in Resources */ = {isa = PBXBuildFile; fileRef = 77BF04362491194D00B1E477 /* Main.storyboard */; };
		77BF043A2491194E00B1E477 /* Assets.xcassets in Resources */ = {isa = PBXBuildFile; fileRef = 77BF04392491194E00B1E477 /* Assets.xcassets */; };
		77BF043D2491194E00B1E477 /* LaunchScreen.storyboard in Resources */ = {isa = PBXBuildFile; fileRef = 77BF043B2491194E00B1E477 /* LaunchScreen.storyboard */; };
		77BF044624916EB200B1E477 /* UIView.swift in Sources */ = {isa = PBXBuildFile; fileRef = 77BF044524916EB200B1E477 /* UIView.swift */; };
		77BF044824916F6900B1E477 /* UIColor.swift in Sources */ = {isa = PBXBuildFile; fileRef = 77BF044724916F6900B1E477 /* UIColor.swift */; };
/* End PBXBuildFile section */

/* Begin PBXFileReference section */
		771F0907249192D9004A5C7D /* SignUpViewController.swift */ = {isa = PBXFileReference; lastKnownFileType = sourcecode.swift; path = SignUpViewController.swift; sourceTree = "<group>"; };
		771F09092491A9A8004A5C7D /* ScheduleViewController.swift */ = {isa = PBXFileReference; lastKnownFileType = sourcecode.swift; path = ScheduleViewController.swift; sourceTree = "<group>"; };
		771F090B2492D79E004A5C7D /* Login.storyboard */ = {isa = PBXFileReference; lastKnownFileType = file.storyboard; path = Login.storyboard; sourceTree = "<group>"; };
		771F090D249511FD004A5C7D /* DayTableViewCell.swift */ = {isa = PBXFileReference; lastKnownFileType = sourcecode.swift; path = DayTableViewCell.swift; sourceTree = "<group>"; };
		771F090F2496C286004A5C7D /* ScheduleTableViewCell.swift */ = {isa = PBXFileReference; lastKnownFileType = sourcecode.swift; path = ScheduleTableViewCell.swift; sourceTree = "<group>"; };
		779B395A2497D09C00DE479F /* DayCell.xib */ = {isa = PBXFileReference; lastKnownFileType = file.xib; path = DayCell.xib; sourceTree = "<group>"; };
		779B395E2497D4CF00DE479F /* DayViewController.swift */ = {isa = PBXFileReference; lastKnownFileType = sourcecode.swift; path = DayViewController.swift; sourceTree = "<group>"; };
		77BF042D2491194D00B1E477 /* STUSY.app */ = {isa = PBXFileReference; explicitFileType = wrapper.application; includeInIndex = 0; path = STUSY.app; sourceTree = BUILT_PRODUCTS_DIR; };
		77BF04302491194D00B1E477 /* AppDelegate.swift */ = {isa = PBXFileReference; lastKnownFileType = sourcecode.swift; path = AppDelegate.swift; sourceTree = "<group>"; };
		77BF04322491194D00B1E477 /* SceneDelegate.swift */ = {isa = PBXFileReference; lastKnownFileType = sourcecode.swift; path = SceneDelegate.swift; sourceTree = "<group>"; };
		77BF04342491194D00B1E477 /* LoginViewController.swift */ = {isa = PBXFileReference; lastKnownFileType = sourcecode.swift; path = LoginViewController.swift; sourceTree = "<group>"; };
		77BF04372491194D00B1E477 /* Base */ = {isa = PBXFileReference; lastKnownFileType = file.storyboard; name = Base; path = Base.lproj/Main.storyboard; sourceTree = "<group>"; };
		77BF04392491194E00B1E477 /* Assets.xcassets */ = {isa = PBXFileReference; lastKnownFileType = folder.assetcatalog; path = Assets.xcassets; sourceTree = "<group>"; };
		77BF043C2491194E00B1E477 /* Base */ = {isa = PBXFileReference; lastKnownFileType = file.storyboard; name = Base; path = Base.lproj/LaunchScreen.storyboard; sourceTree = "<group>"; };
		77BF043E2491194E00B1E477 /* Info.plist */ = {isa = PBXFileReference; lastKnownFileType = text.plist.xml; path = Info.plist; sourceTree = "<group>"; };
		77BF044524916EB200B1E477 /* UIView.swift */ = {isa = PBXFileReference; lastKnownFileType = sourcecode.swift; path = UIView.swift; sourceTree = "<group>"; };
		77BF044724916F6900B1E477 /* UIColor.swift */ = {isa = PBXFileReference; lastKnownFileType = sourcecode.swift; path = UIColor.swift; sourceTree = "<group>"; };
/* End PBXFileReference section */

/* Begin PBXFrameworksBuildPhase section */
		77BF042A2491194D00B1E477 /* Frameworks */ = {
			isa = PBXFrameworksBuildPhase;
			buildActionMask = 2147483647;
			files = (
			);
			runOnlyForDeploymentPostprocessing = 0;
		};
/* End PBXFrameworksBuildPhase section */

/* Begin PBXGroup section */
		771F09112496C29B004A5C7D /* Schedule */ = {
			isa = PBXGroup;
			children = (
				771F09092491A9A8004A5C7D /* ScheduleViewController.swift */,
				771F090F2496C286004A5C7D /* ScheduleTableViewCell.swift */,
			);
			path = Schedule;
			sourceTree = "<group>";
		};
		779B39592497CEAF00DE479F /* ScheduleTable */ = {
			isa = PBXGroup;
			children = (
				779B395E2497D4CF00DE479F /* DayViewController.swift */,
				771F090D249511FD004A5C7D /* DayTableViewCell.swift */,
				779B395A2497D09C00DE479F /* DayCell.xib */,
			);
			path = ScheduleTable;
			sourceTree = "<group>";
		};
		77BF04242491194D00B1E477 = {
			isa = PBXGroup;
			children = (
				77BF042F2491194D00B1E477 /* STUSY */,
				77BF042E2491194D00B1E477 /* Products */,
			);
			sourceTree = "<group>";
		};
		77BF042E2491194D00B1E477 /* Products */ = {
			isa = PBXGroup;
			children = (
				77BF042D2491194D00B1E477 /* STUSY.app */,
			);
			name = Products;
			sourceTree = "<group>";
		};
		77BF042F2491194D00B1E477 /* STUSY */ = {
			isa = PBXGroup;
			children = (
				77BF044424916EA500B1E477 /* Extensions */,
				77BF04302491194D00B1E477 /* AppDelegate.swift */,
				77BF04322491194D00B1E477 /* SceneDelegate.swift */,
				771F09112496C29B004A5C7D /* Schedule */,
				771F0907249192D9004A5C7D /* SignUpViewController.swift */,
				77BF04342491194D00B1E477 /* LoginViewController.swift */,
				779B39592497CEAF00DE479F /* ScheduleTable */,
				77BF04362491194D00B1E477 /* Main.storyboard */,
				771F090B2492D79E004A5C7D /* Login.storyboard */,
				77BF04392491194E00B1E477 /* Assets.xcassets */,
				77BF043B2491194E00B1E477 /* LaunchScreen.storyboard */,
				77BF043E2491194E00B1E477 /* Info.plist */,
			);
			path = STUSY;
			sourceTree = "<group>";
		};
		77BF044424916EA500B1E477 /* Extensions */ = {
			isa = PBXGroup;
			children = (
				77BF044524916EB200B1E477 /* UIView.swift */,
				77BF044724916F6900B1E477 /* UIColor.swift */,
			);
			path = Extensions;
			sourceTree = "<group>";
		};
/* End PBXGroup section */

/* Begin PBXNativeTarget section */
		77BF042C2491194D00B1E477 /* STUSY */ = {
			isa = PBXNativeTarget;
			buildConfigurationList = 77BF04412491194E00B1E477 /* Build configuration list for PBXNativeTarget "STUSY" */;
			buildPhases = (
				77BF04292491194D00B1E477 /* Sources */,
				77BF042A2491194D00B1E477 /* Frameworks */,
				77BF042B2491194D00B1E477 /* Resources */,
			);
			buildRules = (
			);
			dependencies = (
			);
			name = STUSY;
			productName = STUSY;
			productReference = 77BF042D2491194D00B1E477 /* STUSY.app */;
			productType = "com.apple.product-type.application";
		};
/* End PBXNativeTarget section */

/* Begin PBXProject section */
		77BF04252491194D00B1E477 /* Project object */ = {
			isa = PBXProject;
			attributes = {
				LastSwiftUpdateCheck = 1150;
				LastUpgradeCheck = 1150;
				ORGANIZATIONNAME = "Ramin Akhmad";
				TargetAttributes = {
					77BF042C2491194D00B1E477 = {
						CreatedOnToolsVersion = 11.5;
					};
				};
			};
			buildConfigurationList = 77BF04282491194D00B1E477 /* Build configuration list for PBXProject "STUSY" */;
			compatibilityVersion = "Xcode 9.3";
			developmentRegion = en;
			hasScannedForEncodings = 0;
			knownRegions = (
				en,
				Base,
			);
			mainGroup = 77BF04242491194D00B1E477;
			productRefGroup = 77BF042E2491194D00B1E477 /* Products */;
			projectDirPath = "";
			projectRoot = "";
			targets = (
				77BF042C2491194D00B1E477 /* STUSY */,
			);
		};
/* End PBXProject section */

/* Begin PBXResourcesBuildPhase section */
		77BF042B2491194D00B1E477 /* Resources */ = {
			isa = PBXResourcesBuildPhase;
			buildActionMask = 2147483647;
			files = (
				771F090C2492D79E004A5C7D /* Login.storyboard in Resources */,
				77BF043D2491194E00B1E477 /* LaunchScreen.storyboard in Resources */,
				77BF043A2491194E00B1E477 /* Assets.xcassets in Resources */,
				779B395B2497D09C00DE479F /* DayCell.xib in Resources */,
				77BF04382491194D00B1E477 /* Main.storyboard in Resources */,
			);
			runOnlyForDeploymentPostprocessing = 0;
		};
/* End PBXResourcesBuildPhase section */

/* Begin PBXSourcesBuildPhase section */
		77BF04292491194D00B1E477 /* Sources */ = {
			isa = PBXSourcesBuildPhase;
			buildActionMask = 2147483647;
			files = (
				771F0908249192D9004A5C7D /* SignUpViewController.swift in Sources */,
				779B395F2497D4CF00DE479F /* DayViewController.swift in Sources */,
				77BF044624916EB200B1E477 /* UIView.swift in Sources */,
				771F090E249511FD004A5C7D /* DayTableViewCell.swift in Sources */,
				77BF04352491194D00B1E477 /* LoginViewController.swift in Sources */,
				77BF04312491194D00B1E477 /* AppDelegate.swift in Sources */,
				77BF04332491194D00B1E477 /* SceneDelegate.swift in Sources */,
				771F090A2491A9A8004A5C7D /* ScheduleViewController.swift in Sources */,
				77BF044824916F6900B1E477 /* UIColor.swift in Sources */,
				771F09102496C286004A5C7D /* ScheduleTableViewCell.swift in Sources */,
			);
			runOnlyForDeploymentPostprocessing = 0;
		};
/* End PBXSourcesBuildPhase section */

/* Begin PBXVariantGroup section */
		77BF04362491194D00B1E477 /* Main.storyboard */ = {
			isa = PBXVariantGroup;
			children = (
				77BF04372491194D00B1E477 /* Base */,
			);
			name = Main.storyboard;
			sourceTree = "<group>";
		};
		77BF043B2491194E00B1E477 /* LaunchScreen.storyboard */ = {
			isa = PBXVariantGroup;
			children = (
				77BF043C2491194E00B1E477 /* Base */,
			);
			name = LaunchScreen.storyboard;
			sourceTree = "<group>";
		};
/* End PBXVariantGroup section */

/* Begin XCBuildConfiguration section */
		77BF043F2491194E00B1E477 /* Debug */ = {
			isa = XCBuildConfiguration;
			buildSettings = {
				ALWAYS_SEARCH_USER_PATHS = NO;
				CLANG_ANALYZER_NONNULL = YES;
				CLANG_ANALYZER_NUMBER_OBJECT_CONVERSION = YES_AGGRESSIVE;
				CLANG_CXX_LANGUAGE_STANDARD = "gnu++14";
				CLANG_CXX_LIBRARY = "libc++";
				CLANG_ENABLE_MODULES = YES;
				CLANG_ENABLE_OBJC_ARC = YES;
				CLANG_ENABLE_OBJC_WEAK = YES;
				CLANG_WARN_BLOCK_CAPTURE_AUTORELEASING = YES;
				CLANG_WARN_BOOL_CONVERSION = YES;
				CLANG_WARN_COMMA = YES;
				CLANG_WARN_CONSTANT_CONVERSION = YES;
				CLANG_WARN_DEPRECATED_OBJC_IMPLEMENTATIONS = YES;
				CLANG_WARN_DIRECT_OBJC_ISA_USAGE = YES_ERROR;
				CLANG_WARN_DOCUMENTATION_COMMENTS = YES;
				CLANG_WARN_EMPTY_BODY = YES;
				CLANG_WARN_ENUM_CONVERSION = YES;
				CLANG_WARN_INFINITE_RECURSION = YES;
				CLANG_WARN_INT_CONVERSION = YES;
				CLANG_WARN_NON_LITERAL_NULL_CONVERSION = YES;
				CLANG_WARN_OBJC_IMPLICIT_RETAIN_SELF = YES;
				CLANG_WARN_OBJC_LITERAL_CONVERSION = YES;
				CLANG_WARN_OBJC_ROOT_CLASS = YES_ERROR;
				CLANG_WARN_RANGE_LOOP_ANALYSIS = YES;
				CLANG_WARN_STRICT_PROTOTYPES = YES;
				CLANG_WARN_SUSPICIOUS_MOVE = YES;
				CLANG_WARN_UNGUARDED_AVAILABILITY = YES_AGGRESSIVE;
				CLANG_WARN_UNREACHABLE_CODE = YES;
				CLANG_WARN__DUPLICATE_METHOD_MATCH = YES;
				COPY_PHASE_STRIP = NO;
				DEBUG_INFORMATION_FORMAT = dwarf;
				ENABLE_STRICT_OBJC_MSGSEND = YES;
				ENABLE_TESTABILITY = YES;
				GCC_C_LANGUAGE_STANDARD = gnu11;
				GCC_DYNAMIC_NO_PIC = NO;
				GCC_NO_COMMON_BLOCKS = YES;
				GCC_OPTIMIZATION_LEVEL = 0;
				GCC_PREPROCESSOR_DEFINITIONS = (
					"DEBUG=1",
					"$(inherited)",
				);
				GCC_WARN_64_TO_32_BIT_CONVERSION = YES;
				GCC_WARN_ABOUT_RETURN_TYPE = YES_ERROR;
				GCC_WARN_UNDECLARED_SELECTOR = YES;
				GCC_WARN_UNINITIALIZED_AUTOS = YES_AGGRESSIVE;
				GCC_WARN_UNUSED_FUNCTION = YES;
				GCC_WARN_UNUSED_VARIABLE = YES;
				IPHONEOS_DEPLOYMENT_TARGET = 13.5;
				MTL_ENABLE_DEBUG_INFO = INCLUDE_SOURCE;
				MTL_FAST_MATH = YES;
				ONLY_ACTIVE_ARCH = YES;
				SDKROOT = iphoneos;
				SWIFT_ACTIVE_COMPILATION_CONDITIONS = DEBUG;
				SWIFT_OPTIMIZATION_LEVEL = "-Onone";
			};
			name = Debug;
		};
		77BF04402491194E00B1E477 /* Release */ = {
			isa = XCBuildConfiguration;
			buildSettings = {
				ALWAYS_SEARCH_USER_PATHS = NO;
				CLANG_ANALYZER_NONNULL = YES;
				CLANG_ANALYZER_NUMBER_OBJECT_CONVERSION = YES_AGGRESSIVE;
				CLANG_CXX_LANGUAGE_STANDARD = "gnu++14";
				CLANG_CXX_LIBRARY = "libc++";
				CLANG_ENABLE_MODULES = YES;
				CLANG_ENABLE_OBJC_ARC = YES;
				CLANG_ENABLE_OBJC_WEAK = YES;
				CLANG_WARN_BLOCK_CAPTURE_AUTORELEASING = YES;
				CLANG_WARN_BOOL_CONVERSION = YES;
				CLANG_WARN_COMMA = YES;
				CLANG_WARN_CONSTANT_CONVERSION = YES;
				CLANG_WARN_DEPRECATED_OBJC_IMPLEMENTATIONS = YES;
				CLANG_WARN_DIRECT_OBJC_ISA_USAGE = YES_ERROR;
				CLANG_WARN_DOCUMENTATION_COMMENTS = YES;
				CLANG_WARN_EMPTY_BODY = YES;
				CLANG_WARN_ENUM_CONVERSION = YES;
				CLANG_WARN_INFINITE_RECURSION = YES;
				CLANG_WARN_INT_CONVERSION = YES;
				CLANG_WARN_NON_LITERAL_NULL_CONVERSION = YES;
				CLANG_WARN_OBJC_IMPLICIT_RETAIN_SELF = YES;
				CLANG_WARN_OBJC_LITERAL_CONVERSION = YES;
				CLANG_WARN_OBJC_ROOT_CLASS = YES_ERROR;
				CLANG_WARN_RANGE_LOOP_ANALYSIS = YES;
				CLANG_WARN_STRICT_PROTOTYPES = YES;
				CLANG_WARN_SUSPICIOUS_MOVE = YES;
				CLANG_WARN_UNGUARDED_AVAILABILITY = YES_AGGRESSIVE;
				CLANG_WARN_UNREACHABLE_CODE = YES;
				CLANG_WARN__DUPLICATE_METHOD_MATCH = YES;
				COPY_PHASE_STRIP = NO;
				DEBUG_INFORMATION_FORMAT = "dwarf-with-dsym";
				ENABLE_NS_ASSERTIONS = NO;
				ENABLE_STRICT_OBJC_MSGSEND = YES;
				GCC_C_LANGUAGE_STANDARD = gnu11;
				GCC_NO_COMMON_BLOCKS = YES;
				GCC_WARN_64_TO_32_BIT_CONVERSION = YES;
				GCC_WARN_ABOUT_RETURN_TYPE = YES_ERROR;
				GCC_WARN_UNDECLARED_SELECTOR = YES;
				GCC_WARN_UNINITIALIZED_AUTOS = YES_AGGRESSIVE;
				GCC_WARN_UNUSED_FUNCTION = YES;
				GCC_WARN_UNUSED_VARIABLE = YES;
				IPHONEOS_DEPLOYMENT_TARGET = 13.5;
				MTL_ENABLE_DEBUG_INFO = NO;
				MTL_FAST_MATH = YES;
				SDKROOT = iphoneos;
				SWIFT_COMPILATION_MODE = wholemodule;
				SWIFT_OPTIMIZATION_LEVEL = "-O";
				VALIDATE_PRODUCT = YES;
			};
			name = Release;
		};
		77BF04422491194E00B1E477 /* Debug */ = {
			isa = XCBuildConfiguration;
			buildSettings = {
				ASSETCATALOG_COMPILER_APPICON_NAME = AppIcon;
				CODE_SIGN_STYLE = Automatic;
				DEVELOPMENT_TEAM = 5W8PAGK42M;
				INFOPLIST_FILE = STUSY/Info.plist;
				LD_RUNPATH_SEARCH_PATHS = (
					"$(inherited)",
					"@executable_path/Frameworks",
				);
				PRODUCT_BUNDLE_IDENTIFIER = com..STUSY;
				PRODUCT_NAME = "$(TARGET_NAME)";
				SWIFT_VERSION = 5.0;
				TARGETED_DEVICE_FAMILY = "1,2";
			};
			name = Debug;
		};
		77BF04432491194E00B1E477 /* Release */ = {
			isa = XCBuildConfiguration;
			buildSettings = {
				ASSETCATALOG_COMPILER_APPICON_NAME = AppIcon;
				CODE_SIGN_STYLE = Automatic;
				DEVELOPMENT_TEAM = 5W8PAGK42M;
				INFOPLIST_FILE = STUSY/Info.plist;
				LD_RUNPATH_SEARCH_PATHS = (
					"$(inherited)",
					"@executable_path/Frameworks",
				);
				PRODUCT_BUNDLE_IDENTIFIER = com..STUSY;
				PRODUCT_NAME = "$(TARGET_NAME)";
				SWIFT_VERSION = 5.0;
				TARGETED_DEVICE_FAMILY = "1,2";
			};
			name = Release;
		};
/* End XCBuildConfiguration section */

/* Begin XCConfigurationList section */
		77BF04282491194D00B1E477 /* Build configuration list for PBXProject "STUSY" */ = {
			isa = XCConfigurationList;
			buildConfigurations = (
				77BF043F2491194E00B1E477 /* Debug */,
				77BF04402491194E00B1E477 /* Release */,
			);
			defaultConfigurationIsVisible = 0;
			defaultConfigurationName = Release;
		};
		77BF04412491194E00B1E477 /* Build configuration list for PBXNativeTarget "STUSY" */ = {
			isa = XCConfigurationList;
			buildConfigurations = (
				77BF04422491194E00B1E477 /* Debug */,
				77BF04432491194E00B1E477 /* Release */,
			);
			defaultConfigurationIsVisible = 0;
			defaultConfigurationName = Release;
		};
/* End XCConfigurationList section */
	};
	rootObject = 77BF04252491194D00B1E477 /* Project object */;
}
